
Microsoft Visual Studio Solution File, Format Version 12.00
# Visual Studio Version 16
VisualStudioVersion = 16.0.30320.27
MinimumVisualStudioVersion = 10.0.40219.1
Project("{FAE04EC0-301F-11D3-BF4B-00C04F79EFBC}") = "App.Android", "App\App.Android\App.Android.csproj", "{6927A439-78E2-4FD3-A9A1-9342E82FE408}"
EndProject
Project("{FAE04EC0-301F-11D3-BF4B-00C04F79EFBC}") = "App.iOS", "App\App.iOS\App.iOS.csproj", "{6B4F0FDE-0ECA-4DBD-AC91-607F0DDC4EFB}"
EndProject
Project("{9A19103F-16F7-4668-BE54-9A1E7A4F7556}") = "App", "App\App\App.csproj", "{5A61766C-F457-48F1-A8F1-D572D22AA441}"
EndProject
Global
	GlobalSection(SolutionConfigurationPlatforms) = preSolution
		Debug|Any CPU = Debug|Any CPU
		Debug|iPhone = Debug|iPhone
		Debug|iPhoneSimulator = Debug|iPhoneSimulator
		Release|Any CPU = Release|Any CPU
		Release|iPhone = Release|iPhone
		Release|iPhoneSimulator = Release|iPhoneSimulator
	EndGlobalSection
	GlobalSection(ProjectConfigurationPlatforms) = postSolution
		{6927A439-78E2-4FD3-A9A1-9342E82FE408}.Debug|Any CPU.ActiveCfg = Debug|Any CPU
		{6927A439-78E2-4FD3-A9A1-9342E82FE408}.Debug|Any CPU.Build.0 = Debug|Any CPU
		{6927A439-78E2-4FD3-A9A1-9342E82FE408}.Debug|Any CPU.Deploy.0 = Debug|Any CPU
		{6927A439-78E2-4FD3-A9A1-9342E82FE408}.Debug|iPhone.ActiveCfg = Debug|Any CPU
		{6927A439-78E2-4FD3-A9A1-9342E82FE408}.Debug|iPhone.Build.0 = Debug|Any CPU
		{6927A439-78E2-4FD3-A9A1-9342E82FE408}.Debug|iPhone.Deploy.0 = Debug|Any CPU
		{6927A439-78E2-4FD3-A9A1-9342E82FE408}.Debug|iPhoneSimulator.ActiveCfg = Debug|Any CPU
		{6927A439-78E2-4FD3-A9A1-9342E82FE408}.Debug|iPhoneSimulator.Build.0 = Debug|Any CPU
		{6927A439-78E2-4FD3-A9A1-9342E82FE408}.Debug|iPhoneSimulator.Deploy.0 = Debug|Any CPU
		{6927A439-78E2-4FD3-A9A1-9342E82FE408}.Release|Any CPU.ActiveCfg = Release|Any CPU
		{6927A439-78E2-4FD3-A9A1-9342E82FE408}.Release|Any CPU.Build.0 = Release|Any CPU
		{6927A439-78E2-4FD3-A9A1-9342E82FE408}.Release|Any CPU.Deploy.0 = Release|Any CPU
		{6927A439-78E2-4FD3-A9A1-9342E82FE408}.Release|iPhone.ActiveCfg = Release|Any CPU
		{6927A439-78E2-4FD3-A9A1-9342E82FE408}.Release|iPhone.Build.0 = Release|Any CPU
		{6927A439-78E2-4FD3-A9A1-9342E82FE408}.Release|iPhone.Deploy.0 = Release|Any CPU
		{6927A439-78E2-4FD3-A9A1-9342E82FE408}.Release|iPhoneSimulator.ActiveCfg = Release|Any CPU
		{6927A439-78E2-4FD3-A9A1-9342E82FE408}.Release|iPhoneSimulator.Build.0 = Release|Any CPU
		{6927A439-78E2-4FD3-A9A1-9342E82FE408}.Release|iPhoneSimulator.Deploy.0 = Release|Any CPU
		{6B4F0FDE-0ECA-4DBD-AC91-607F0DDC4EFB}.Debug|Any CPU.ActiveCfg = Debug|iPhone
		{6B4F0FDE-0ECA-4DBD-AC91-607F0DDC4EFB}.Debug|iPhone.ActiveCfg = Debug|iPhone
		{6B4F0FDE-0ECA-4DBD-AC91-607F0DDC4EFB}.Debug|iPhone.Build.0 = Debug|iPhone
		{6B4F0FDE-0ECA-4DBD-AC91-607F0DDC4EFB}.Debug|iPhoneSimulator.ActiveCfg = Debug|iPhoneSimulator
		{6B4F0FDE-0ECA-4DBD-AC91-607F0DDC4EFB}.Debug|iPhoneSimulator.Build.0 = Debug|iPhoneSimulator
		{6B4F0FDE-0ECA-4DBD-AC91-607F0DDC4EFB}.Release|Any CPU.ActiveCfg = Release|iPhone
		{6B4F0FDE-0ECA-4DBD-AC91-607F0DDC4EFB}.Release|iPhone.ActiveCfg = Release|iPhone
		{6B4F0FDE-0ECA-4DBD-AC91-607F0DDC4EFB}.Release|iPhone.Build.0 = Release|iPhone
		{6B4F0FDE-0ECA-4DBD-AC91-607F0DDC4EFB}.Release|iPhoneSimulator.ActiveCfg = Release|iPhoneSimulator
		{6B4F0FDE-0ECA-4DBD-AC91-607F0DDC4EFB}.Release|iPhoneSimulator.Build.0 = Release|iPhoneSimulator
		{5A61766C-F457-48F1-A8F1-D572D22AA441}.Debug|Any CPU.ActiveCfg = Debug|Any CPU
		{5A61766C-F457-48F1-A8F1-D572D22AA441}.Debug|Any CPU.Build.0 = Debug|Any CPU
		{5A61766C-F457-48F1-A8F1-D572D22AA441}.Debug|iPhone.ActiveCfg = Debug|Any CPU
		{5A61766C-F457-48F1-A8F1-D572D22AA441}.Debug|iPhone.Build.0 = Debug|Any CPU
		{5A61766C-F457-48F1-A8F1-D572D22AA441}.Debug|iPhoneSimulator.ActiveCfg = Debug|Any CPU
		{5A61766C-F457-48F1-A8F1-D572D22AA441}.Debug|iPhoneSimulator.Build.0 = Debug|Any CPU
		{5A61766C-F457-48F1-A8F1-D572D22AA441}.Release|Any CPU.ActiveCfg = Release|Any CPU
		{5A61766C-F457-48F1-A8F1-D572D22AA441}.Release|Any CPU.Build.0 = Release|Any CPU
		{5A61766C-F457-48F1-A8F1-D572D22AA441}.Release|iPhone.ActiveCfg = Release|Any CPU
		{5A61766C-F457-48F1-A8F1-D572D22AA441}.Release|iPhone.Build.0 = Release|Any CPU
		{5A61766C-F457-48F1-A8F1-D572D22AA441}.Release|iPhoneSimulator.ActiveCfg = Release|Any CPU
		{5A61766C-F457-48F1-A8F1-D572D22AA441}.Release|iPhoneSimulator.Build.0 = Release|Any CPU
	EndGlobalSection
	GlobalSection(SolutionProperties) = preSolution
		HideSolutionNode = FALSE
	EndGlobalSection
	GlobalSection(ExtensibilityGlobals) = postSolution
		SolutionGuid = {BF32D5F6-A48D-4AAB-A8ED-2368F6FAE19F}
	EndGlobalSection
EndGlobal
